// !$*UTF8*$!
{
	archiveVersion = 1;
	classes = {
	};
	objectVersion = 50;
	objects = {

/* Begin PBXBuildFile section */
		1A353DCE270B48E100760BEC /* Localizable.strings in Resources */ = {isa = PBXBuildFile; fileRef = 1A353DD0270B48E100760BEC /* Localizable.strings */; };
		1A353DD5270B5DD800760BEC /* App.swift in Sources */ = {isa = PBXBuildFile; fileRef = 1A353DD4270B5DD800760BEC /* App.swift */; };
		1A353DD7270B5E0300760BEC /* Color.swift in Sources */ = {isa = PBXBuildFile; fileRef = 1A353DD6270B5E0300760BEC /* Color.swift */; };
		1A353DD9270B62D700760BEC /* UIColorExt.swift in Sources */ = {isa = PBXBuildFile; fileRef = 1A353DD8270B62D700760BEC /* UIColorExt.swift */; };
		1A87A3E52709FF7F00C850BC /* AppDelegate.swift in Sources */ = {isa = PBXBuildFile; fileRef = 1A87A3E42709FF7F00C850BC /* AppDelegate.swift */; };
		1A87A3E92709FF7F00C850BC /* ViewController.swift in Sources */ = {isa = PBXBuildFile; fileRef = 1A87A3E82709FF7F00C850BC /* ViewController.swift */; };
		1A87A3EE2709FF8000C850BC /* Assets.xcassets in Resources */ = {isa = PBXBuildFile; fileRef = 1A87A3ED2709FF8000C850BC /* Assets.xcassets */; };
		1A87A3F12709FF8000C850BC /* LaunchScreen.storyboard in Resources */ = {isa = PBXBuildFile; fileRef = 1A87A3EF2709FF8000C850BC /* LaunchScreen.storyboard */; };
		1AD128F1270DFD200053CB6B /* HomeViewControler.swift in Sources */ = {isa = PBXBuildFile; fileRef = 1AD128EE270DFD200053CB6B /* HomeViewControler.swift */; };
		1AD128F2270DFD200053CB6B /* HomeViewModel.swift in Sources */ = {isa = PBXBuildFile; fileRef = 1AD128EF270DFD200053CB6B /* HomeViewModel.swift */; };
		1AD128F3270DFD200053CB6B /* HomeViewControler.xib in Resources */ = {isa = PBXBuildFile; fileRef = 1AD128F0270DFD200053CB6B /* HomeViewControler.xib */; };
		1AD128F7270DFFFB0053CB6B /* HomeView.swift in Sources */ = {isa = PBXBuildFile; fileRef = 1AD128F4270DFFFB0053CB6B /* HomeView.swift */; };
		1AD128F8270DFFFB0053CB6B /* HomeViewVM.swift in Sources */ = {isa = PBXBuildFile; fileRef = 1AD128F5270DFFFB0053CB6B /* HomeViewVM.swift */; };
		1AD128F9270DFFFB0053CB6B /* HomeView.xib in Resources */ = {isa = PBXBuildFile; fileRef = 1AD128F6270DFFFB0053CB6B /* HomeView.xib */; };
		1AD128FC270E02EC0053CB6B /* FileConfig.swift in Sources */ = {isa = PBXBuildFile; fileRef = 1AD128FB270E02EC0053CB6B /* FileConfig.swift */; };
		1AD128FE270E0AB80053CB6B /* UIViewExt.swift in Sources */ = {isa = PBXBuildFile; fileRef = 1AD128FD270E0AB80053CB6B /* UIViewExt.swift */; };
		1AFEC60C270D827800D3625E /* BaseView.swift in Sources */ = {isa = PBXBuildFile; fileRef = 1AFEC60B270D827800D3625E /* BaseView.swift */; };
		41D52F9365D7D5C95E0E96C4 /* Pods_ConfigProject.framework in Frameworks */ = {isa = PBXBuildFile; fileRef = 306C8F7C9164B79E6E4740D5 /* Pods_ConfigProject.framework */; };
/* End PBXBuildFile section */

/* Begin PBXFileReference section */
		0091878B371E815DF719B883 /* Pods-ConfigProject.release.xcconfig */ = {isa = PBXFileReference; includeInIndex = 1; lastKnownFileType = text.xcconfig; name = "Pods-ConfigProject.release.xcconfig"; path = "Target Support Files/Pods-ConfigProject/Pods-ConfigProject.release.xcconfig"; sourceTree = "<group>"; };
		1A353DCD270B48D300760BEC /* vi */ = {isa = PBXFileReference; lastKnownFileType = text.plist.strings; name = vi; path = vi.lproj/LaunchScreen.strings; sourceTree = "<group>"; };
		1A353DCF270B48E100760BEC /* en */ = {isa = PBXFileReference; lastKnownFileType = text.plist.strings; name = en; path = en.lproj/Localizable.strings; sourceTree = "<group>"; };
		1A353DD1270B48E600760BEC /* vi */ = {isa = PBXFileReference; lastKnownFileType = text.plist.strings; name = vi; path = vi.lproj/Localizable.strings; sourceTree = "<group>"; };
		1A353DD4270B5DD800760BEC /* App.swift */ = {isa = PBXFileReference; lastKnownFileType = sourcecode.swift; path = App.swift; sourceTree = "<group>"; };
		1A353DD6270B5E0300760BEC /* Color.swift */ = {isa = PBXFileReference; lastKnownFileType = sourcecode.swift; path = Color.swift; sourceTree = "<group>"; };
		1A353DD8270B62D700760BEC /* UIColorExt.swift */ = {isa = PBXFileReference; lastKnownFileType = sourcecode.swift; path = UIColorExt.swift; sourceTree = "<group>"; };
		1A353DDB270B64B100760BEC /* Dev.xcconfig */ = {isa = PBXFileReference; lastKnownFileType = text.xcconfig; path = Dev.xcconfig; sourceTree = "<group>"; };
		1A353DDC270B652400760BEC /* Staging.xcconfig */ = {isa = PBXFileReference; lastKnownFileType = text.xcconfig; path = Staging.xcconfig; sourceTree = "<group>"; };
		1A87A3E12709FF7F00C850BC /* ConfigProject.app */ = {isa = PBXFileReference; explicitFileType = wrapper.application; includeInIndex = 0; path = ConfigProject.app; sourceTree = BUILT_PRODUCTS_DIR; };
		1A87A3E42709FF7F00C850BC /* AppDelegate.swift */ = {isa = PBXFileReference; lastKnownFileType = sourcecode.swift; path = AppDelegate.swift; sourceTree = "<group>"; };
		1A87A3E82709FF7F00C850BC /* ViewController.swift */ = {isa = PBXFileReference; lastKnownFileType = sourcecode.swift; path = ViewController.swift; sourceTree = "<group>"; };
		1A87A3ED2709FF8000C850BC /* Assets.xcassets */ = {isa = PBXFileReference; lastKnownFileType = folder.assetcatalog; path = Assets.xcassets; sourceTree = "<group>"; };
		1A87A3F02709FF8000C850BC /* Base */ = {isa = PBXFileReference; lastKnownFileType = file.storyboard; name = Base; path = Base.lproj/LaunchScreen.storyboard; sourceTree = "<group>"; };
		1A87A3F22709FF8000C850BC /* Info.plist */ = {isa = PBXFileReference; lastKnownFileType = text.plist.xml; path = Info.plist; sourceTree = "<group>"; };
		1AD128EE270DFD200053CB6B /* HomeViewControler.swift */ = {isa = PBXFileReference; lastKnownFileType = sourcecode.swift; path = HomeViewControler.swift; sourceTree = "<group>"; };
		1AD128EF270DFD200053CB6B /* HomeViewModel.swift */ = {isa = PBXFileReference; lastKnownFileType = sourcecode.swift; path = HomeViewModel.swift; sourceTree = "<group>"; };
		1AD128F0270DFD200053CB6B /* HomeViewControler.xib */ = {isa = PBXFileReference; lastKnownFileType = file.xib; path = HomeViewControler.xib; sourceTree = "<group>"; };
		1AD128F4270DFFFB0053CB6B /* HomeView.swift */ = {isa = PBXFileReference; lastKnownFileType = sourcecode.swift; path = HomeView.swift; sourceTree = "<group>"; };
		1AD128F5270DFFFB0053CB6B /* HomeViewVM.swift */ = {isa = PBXFileReference; lastKnownFileType = sourcecode.swift; path = HomeViewVM.swift; sourceTree = "<group>"; };
		1AD128F6270DFFFB0053CB6B /* HomeView.xib */ = {isa = PBXFileReference; lastKnownFileType = file.xib; path = HomeView.xib; sourceTree = "<group>"; };
		1AD128FB270E02EC0053CB6B /* FileConfig.swift */ = {isa = PBXFileReference; lastKnownFileType = sourcecode.swift; path = FileConfig.swift; sourceTree = "<group>"; };
		1AD128FD270E0AB80053CB6B /* UIViewExt.swift */ = {isa = PBXFileReference; lastKnownFileType = sourcecode.swift; path = UIViewExt.swift; sourceTree = "<group>"; };
		1AFEC60B270D827800D3625E /* BaseView.swift */ = {isa = PBXFileReference; lastKnownFileType = sourcecode.swift; path = BaseView.swift; sourceTree = "<group>"; };
		306C8F7C9164B79E6E4740D5 /* Pods_ConfigProject.framework */ = {isa = PBXFileReference; explicitFileType = wrapper.framework; includeInIndex = 0; path = Pods_ConfigProject.framework; sourceTree = BUILT_PRODUCTS_DIR; };
		9D277920B1813C2192DBD727 /* Pods-ConfigProject.debug.xcconfig */ = {isa = PBXFileReference; includeInIndex = 1; lastKnownFileType = text.xcconfig; name = "Pods-ConfigProject.debug.xcconfig"; path = "Target Support Files/Pods-ConfigProject/Pods-ConfigProject.debug.xcconfig"; sourceTree = "<group>"; };
		D9903A1139596B5066C976BA /* Pods-ConfigProject.staging.xcconfig */ = {isa = PBXFileReference; includeInIndex = 1; lastKnownFileType = text.xcconfig; name = "Pods-ConfigProject.staging.xcconfig"; path = "Target Support Files/Pods-ConfigProject/Pods-ConfigProject.staging.xcconfig"; sourceTree = "<group>"; };
		DB5643444BDFC2EC489F8CF2 /* Pods-ConfigProject.dev.xcconfig */ = {isa = PBXFileReference; includeInIndex = 1; lastKnownFileType = text.xcconfig; name = "Pods-ConfigProject.dev.xcconfig"; path = "Target Support Files/Pods-ConfigProject/Pods-ConfigProject.dev.xcconfig"; sourceTree = "<group>"; };
/* End PBXFileReference section */

/* Begin PBXFrameworksBuildPhase section */
		1A87A3DE2709FF7F00C850BC /* Frameworks */ = {
			isa = PBXFrameworksBuildPhase;
			buildActionMask = 2147483647;
			files = (
				41D52F9365D7D5C95E0E96C4 /* Pods_ConfigProject.framework in Frameworks */,
			);
			runOnlyForDeploymentPostprocessing = 0;
		};
/* End PBXFrameworksBuildPhase section */

/* Begin PBXGroup section */
		1A353DD2270B5D4200760BEC /* Ext */ = {
			isa = PBXGroup;
			children = (
				1A353DD8270B62D700760BEC /* UIColorExt.swift */,
				1AD128FD270E0AB80053CB6B /* UIViewExt.swift */,
			);
			path = Ext;
			sourceTree = "<group>";
		};
		1A353DD3270B5DC900760BEC /* Define */ = {
			isa = PBXGroup;
			children = (
				1A353DD4270B5DD800760BEC /* App.swift */,
				1A353DD6270B5E0300760BEC /* Color.swift */,
			);
			path = Define;
			sourceTree = "<group>";
		};
		1A353DDA270B633500760BEC /* evr */ = {
			isa = PBXGroup;
			children = (
				1A353DDB270B64B100760BEC /* Dev.xcconfig */,
				1A353DDC270B652400760BEC /* Staging.xcconfig */,
			);
			path = evr;
			sourceTree = "<group>";
		};
		1A87A3D82709FF7F00C850BC = {
			isa = PBXGroup;
			children = (
				1A87A3E32709FF7F00C850BC /* ConfigProject */,
				1A87A3E22709FF7F00C850BC /* Products */,
				D2BCEFDE0A8101E338D1A730 /* Pods */,
				9FB0B872C80F1FE149823638 /* Frameworks */,
			);
			sourceTree = "<group>";
		};
		1A87A3E22709FF7F00C850BC /* Products */ = {
			isa = PBXGroup;
			children = (
				1A87A3E12709FF7F00C850BC /* ConfigProject.app */,
			);
			name = Products;
			sourceTree = "<group>";
		};
		1A87A3E32709FF7F00C850BC /* ConfigProject */ = {
			isa = PBXGroup;
			children = (
				1AD128FA270E02DA0053CB6B /* Manager */,
				1A353DD3270B5DC900760BEC /* Define */,
				1A87A3FB270A00A400C850BC /* Library */,
				1A87A3FA270A008200C850BC /* Source */,
				1A87A3F9270A006000C850BC /* Supports */,
				1A87A3F8270A001A00C850BC /* Resource */,
				1A87A3E42709FF7F00C850BC /* AppDelegate.swift */,
			);
			path = ConfigProject;
			sourceTree = "<group>";
		};
		1A87A3F8270A001A00C850BC /* Resource */ = {
			isa = PBXGroup;
			children = (
				1A87A3EF2709FF8000C850BC /* LaunchScreen.storyboard */,
				1A87A3ED2709FF8000C850BC /* Assets.xcassets */,
				1A87A3F22709FF8000C850BC /* Info.plist */,
			);
			path = Resource;
			sourceTree = "<group>";
		};
		1A87A3F9270A006000C850BC /* Supports */ = {
			isa = PBXGroup;
			children = (
				1A353DDA270B633500760BEC /* evr */,
				1A353DD0270B48E100760BEC /* Localizable.strings */,
			);
			path = Supports;
			sourceTree = "<group>";
		};
		1A87A3FA270A008200C850BC /* Source */ = {
			isa = PBXGroup;
			children = (
				1AFEC60A270D825800D3625E /* Controller */,
				1AFEC609270D825100D3625E /* Control */,
				1AFEC608270D824300D3625E /* Base */,
				1A87A3E82709FF7F00C850BC /* ViewController.swift */,
			);
			path = Source;
			sourceTree = "<group>";
		};
		1A87A3FB270A00A400C850BC /* Library */ = {
			isa = PBXGroup;
			children = (
				1A353DD2270B5D4200760BEC /* Ext */,
			);
			path = Library;
			sourceTree = "<group>";
		};
		1AD128FA270E02DA0053CB6B /* Manager */ = {
			isa = PBXGroup;
			children = (
				1AD128FB270E02EC0053CB6B /* FileConfig.swift */,
			);
			path = Manager;
			sourceTree = "<group>";
		};
		1AFEC608270D824300D3625E /* Base */ = {
			isa = PBXGroup;
			children = (
				1AFEC60B270D827800D3625E /* BaseView.swift */,
			);
			path = Base;
			sourceTree = "<group>";
		};
		1AFEC609270D825100D3625E /* Control */ = {
			isa = PBXGroup;
			children = (
			);
			path = Control;
			sourceTree = "<group>";
		};
		1AFEC60A270D825800D3625E /* Controller */ = {
			isa = PBXGroup;
			children = (
				1AFEC60E270D876400D3625E /* View */,
				1AFEC60D270D875100D3625E /* Home */,
			);
			path = Controller;
			sourceTree = "<group>";
		};
		1AFEC60D270D875100D3625E /* Home */ = {
			isa = PBXGroup;
			children = (
				1AD128EE270DFD200053CB6B /* HomeViewControler.swift */,
				1AD128EF270DFD200053CB6B /* HomeViewModel.swift */,
				1AD128F0270DFD200053CB6B /* HomeViewControler.xib */,
			);
			path = Home;
			sourceTree = "<group>";
		};
		1AFEC60E270D876400D3625E /* View */ = {
			isa = PBXGroup;
			children = (
				1AD128F4270DFFFB0053CB6B /* HomeView.swift */,
				1AD128F5270DFFFB0053CB6B /* HomeViewVM.swift */,
				1AD128F6270DFFFB0053CB6B /* HomeView.xib */,
			);
			path = View;
			sourceTree = "<group>";
		};
		9FB0B872C80F1FE149823638 /* Frameworks */ = {
			isa = PBXGroup;
			children = (
				306C8F7C9164B79E6E4740D5 /* Pods_ConfigProject.framework */,
			);
			name = Frameworks;
			sourceTree = "<group>";
		};
		D2BCEFDE0A8101E338D1A730 /* Pods */ = {
			isa = PBXGroup;
			children = (
				9D277920B1813C2192DBD727 /* Pods-ConfigProject.debug.xcconfig */,
				0091878B371E815DF719B883 /* Pods-ConfigProject.release.xcconfig */,
				DB5643444BDFC2EC489F8CF2 /* Pods-ConfigProject.dev.xcconfig */,
				D9903A1139596B5066C976BA /* Pods-ConfigProject.staging.xcconfig */,
			);
			path = Pods;
			sourceTree = "<group>";
		};
/* End PBXGroup section */

/* Begin PBXNativeTarget section */
		1A87A3E02709FF7F00C850BC /* ConfigProject */ = {
			isa = PBXNativeTarget;
			buildConfigurationList = 1A87A3F52709FF8000C850BC /* Build configuration list for PBXNativeTarget "ConfigProject" */;
			buildPhases = (
				A466A9255584F1554CF19C1B /* [CP] Check Pods Manifest.lock */,
				1A87A3DD2709FF7F00C850BC /* Sources */,
				1A87A3DE2709FF7F00C850BC /* Frameworks */,
				1A87A3DF2709FF7F00C850BC /* Resources */,
			);
			buildRules = (
			);
			dependencies = (
			);
			name = ConfigProject;
			productName = ConfigProject;
			productReference = 1A87A3E12709FF7F00C850BC /* ConfigProject.app */;
			productType = "com.apple.product-type.application";
		};
/* End PBXNativeTarget section */

/* Begin PBXProject section */
		1A87A3D92709FF7F00C850BC /* Project object */ = {
			isa = PBXProject;
			attributes = {
				LastSwiftUpdateCheck = 1250;
				LastUpgradeCheck = 1250;
				TargetAttributes = {
					1A87A3E02709FF7F00C850BC = {
						CreatedOnToolsVersion = 12.5.1;
					};
				};
			};
			buildConfigurationList = 1A87A3DC2709FF7F00C850BC /* Build configuration list for PBXProject "ConfigProject" */;
			compatibilityVersion = "Xcode 9.3";
			developmentRegion = en;
			hasScannedForEncodings = 0;
			knownRegions = (
				en,
				Base,
				vi,
			);
			mainGroup = 1A87A3D82709FF7F00C850BC;
			productRefGroup = 1A87A3E22709FF7F00C850BC /* Products */;
			projectDirPath = "";
			projectRoot = "";
			targets = (
				1A87A3E02709FF7F00C850BC /* ConfigProject */,
			);
		};
/* End PBXProject section */

/* Begin PBXResourcesBuildPhase section */
		1A87A3DF2709FF7F00C850BC /* Resources */ = {
			isa = PBXResourcesBuildPhase;
			buildActionMask = 2147483647;
			files = (
				1A87A3F12709FF8000C850BC /* LaunchScreen.storyboard in Resources */,
				1A353DCE270B48E100760BEC /* Localizable.strings in Resources */,
				1AD128F3270DFD200053CB6B /* HomeViewControler.xib in Resources */,
				1A87A3EE2709FF8000C850BC /* Assets.xcassets in Resources */,
				1AD128F9270DFFFB0053CB6B /* HomeView.xib in Resources */,
			);
			runOnlyForDeploymentPostprocessing = 0;
		};
/* End PBXResourcesBuildPhase section */

/* Begin PBXShellScriptBuildPhase section */
		A466A9255584F1554CF19C1B /* [CP] Check Pods Manifest.lock */ = {
			isa = PBXShellScriptBuildPhase;
			buildActionMask = 2147483647;
			files = (
			);
			inputFileListPaths = (
			);
			inputPaths = (
				"${PODS_PODFILE_DIR_PATH}/Podfile.lock",
				"${PODS_ROOT}/Manifest.lock",
			);
			name = "[CP] Check Pods Manifest.lock";
			outputFileListPaths = (
			);
			outputPaths = (
				"$(DERIVED_FILE_DIR)/Pods-ConfigProject-checkManifestLockResult.txt",
			);
			runOnlyForDeploymentPostprocessing = 0;
			shellPath = /bin/sh;
			shellScript = "diff \"${PODS_PODFILE_DIR_PATH}/Podfile.lock\" \"${PODS_ROOT}/Manifest.lock\" > /dev/null\nif [ $? != 0 ] ; then\n    # print error to STDERR\n    echo \"error: The sandbox is not in sync with the Podfile.lock. Run 'pod install' or update your CocoaPods installation.\" >&2\n    exit 1\nfi\n# This output is used by Xcode 'outputs' to avoid re-running this script phase.\necho \"SUCCESS\" > \"${SCRIPT_OUTPUT_FILE_0}\"\n";
			showEnvVarsInLog = 0;
		};
/* End PBXShellScriptBuildPhase section */

/* Begin PBXSourcesBuildPhase section */
		1A87A3DD2709FF7F00C850BC /* Sources */ = {
			isa = PBXSourcesBuildPhase;
			buildActionMask = 2147483647;
			files = (
				1AD128FE270E0AB80053CB6B /* UIViewExt.swift in Sources */,
				1AD128F7270DFFFB0053CB6B /* HomeView.swift in Sources */,
				1AD128F1270DFD200053CB6B /* HomeViewControler.swift in Sources */,
				1A353DD5270B5DD800760BEC /* App.swift in Sources */,
				1A353DD7270B5E0300760BEC /* Color.swift in Sources */,
				1AD128F2270DFD200053CB6B /* HomeViewModel.swift in Sources */,
				1A87A3E92709FF7F00C850BC /* ViewController.swift in Sources */,
				1AD128FC270E02EC0053CB6B /* FileConfig.swift in Sources */,
				1A353DD9270B62D700760BEC /* UIColorExt.swift in Sources */,
				1A87A3E52709FF7F00C850BC /* AppDelegate.swift in Sources */,
				1AD128F8270DFFFB0053CB6B /* HomeViewVM.swift in Sources */,
				1AFEC60C270D827800D3625E /* BaseView.swift in Sources */,
			);
			runOnlyForDeploymentPostprocessing = 0;
		};
/* End PBXSourcesBuildPhase section */

/* Begin PBXVariantGroup section */
		1A353DD0270B48E100760BEC /* Localizable.strings */ = {
			isa = PBXVariantGroup;
			children = (
				1A353DCF270B48E100760BEC /* en */,
				1A353DD1270B48E600760BEC /* vi */,
			);
			name = Localizable.strings;
			sourceTree = "<group>";
		};
		1A87A3EF2709FF8000C850BC /* LaunchScreen.storyboard */ = {
			isa = PBXVariantGroup;
			children = (
				1A87A3F02709FF8000C850BC /* Base */,
				1A353DCD270B48D300760BEC /* vi */,
			);
			name = LaunchScreen.storyboard;
			sourceTree = "<group>";
		};
/* End PBXVariantGroup section */

/* Begin XCBuildConfiguration section */
		1A16C997270C91D80056E7AE /* Dev */ = {
			isa = XCBuildConfiguration;
			baseConfigurationReference = 1A353DDB270B64B100760BEC /* Dev.xcconfig */;
			buildSettings = {
				ALWAYS_SEARCH_USER_PATHS = NO;
				CLANG_ANALYZER_LOCALIZABILITY_NONLOCALIZED = YES;
				CLANG_ANALYZER_NONNULL = YES;
				CLANG_ANALYZER_NUMBER_OBJECT_CONVERSION = YES_AGGRESSIVE;
				CLANG_CXX_LANGUAGE_STANDARD = "gnu++14";
				CLANG_CXX_LIBRARY = "libc++";
				CLANG_ENABLE_MODULES = YES;
				CLANG_ENABLE_OBJC_ARC = YES;
				CLANG_ENABLE_OBJC_WEAK = YES;
				CLANG_WARN_BLOCK_CAPTURE_AUTORELEASING = YES;
				CLANG_WARN_BOOL_CONVERSION = YES;
				CLANG_WARN_COMMA = YES;
				CLANG_WARN_CONSTANT_CONVERSION = YES;
				CLANG_WARN_DEPRECATED_OBJC_IMPLEMENTATIONS = YES;
				CLANG_WARN_DIRECT_OBJC_ISA_USAGE = YES_ERROR;
				CLANG_WARN_DOCUMENTATION_COMMENTS = YES;
				CLANG_WARN_EMPTY_BODY = YES;
				CLANG_WARN_ENUM_CONVERSION = YES;
				CLANG_WARN_INFINITE_RECURSION = YES;
				CLANG_WARN_INT_CONVERSION = YES;
				CLANG_WARN_NON_LITERAL_NULL_CONVERSION = YES;
				CLANG_WARN_OBJC_IMPLICIT_RETAIN_SELF = YES;
				CLANG_WARN_OBJC_LITERAL_CONVERSION = YES;
				CLANG_WARN_OBJC_ROOT_CLASS = YES_ERROR;
				CLANG_WARN_QUOTED_INCLUDE_IN_FRAMEWORK_HEADER = YES;
				CLANG_WARN_RANGE_LOOP_ANALYSIS = YES;
				CLANG_WARN_STRICT_PROTOTYPES = YES;
				CLANG_WARN_SUSPICIOUS_MOVE = YES;
				CLANG_WARN_UNGUARDED_AVAILABILITY = YES_AGGRESSIVE;
				CLANG_WARN_UNREACHABLE_CODE = YES;
				CLANG_WARN__DUPLICATE_METHOD_MATCH = YES;
				COPY_PHASE_STRIP = NO;
				DEBUG_INFORMATION_FORMAT = dwarf;
				ENABLE_STRICT_OBJC_MSGSEND = YES;
				ENABLE_TESTABILITY = YES;
				GCC_C_LANGUAGE_STANDARD = gnu11;
				GCC_DYNAMIC_NO_PIC = NO;
				GCC_NO_COMMON_BLOCKS = YES;
				GCC_OPTIMIZATION_LEVEL = 0;
				GCC_PREPROCESSOR_DEFINITIONS = (
					"DEBUG=1",
					"$(inherited)",
				);
				GCC_WARN_64_TO_32_BIT_CONVERSION = YES;
				GCC_WARN_ABOUT_RETURN_TYPE = YES_ERROR;
				GCC_WARN_UNDECLARED_SELECTOR = YES;
				GCC_WARN_UNINITIALIZED_AUTOS = YES_AGGRESSIVE;
				GCC_WARN_UNUSED_FUNCTION = YES;
				GCC_WARN_UNUSED_VARIABLE = YES;
				IPHONEOS_DEPLOYMENT_TARGET = 14.5;
				MTL_ENABLE_DEBUG_INFO = INCLUDE_SOURCE;
				MTL_FAST_MATH = YES;
				ONLY_ACTIVE_ARCH = YES;
				SDKROOT = iphoneos;
				SWIFT_ACTIVE_COMPILATION_CONDITIONS = DEBUG;
				SWIFT_OPTIMIZATION_LEVEL = "-Onone";
			};
			name = Dev;
		};
		1A16C998270C91D80056E7AE /* Dev */ = {
			isa = XCBuildConfiguration;
			baseConfigurationReference = DB5643444BDFC2EC489F8CF2 /* Pods-ConfigProject.dev.xcconfig */;
			buildSettings = {
				ASSETCATALOG_COMPILER_APPICON_NAME = AppIcon;
				ASSETCATALOG_COMPILER_GLOBAL_ACCENT_COLOR_NAME = AccentColor;
				CODE_SIGN_STYLE = Automatic;
				INFOPLIST_FILE = ConfigProject/Resource/Info.plist;
				LD_RUNPATH_SEARCH_PATHS = (
					"$(inherited)",
					"@executable_path/Frameworks",
				);
				PRODUCT_BUNDLE_IDENTIFIER = minh.com.configproject.dev;
				PRODUCT_NAME = "$(TARGET_NAME)";
				SWIFT_VERSION = 5.0;
				TARGETED_DEVICE_FAMILY = "1,2";
			};
			name = Dev;
		};
		1A16C999270C92350056E7AE /* Staging */ = {
			isa = XCBuildConfiguration;
			baseConfigurationReference = 1A353DDC270B652400760BEC /* Staging.xcconfig */;
			buildSettings = {
				ALWAYS_SEARCH_USER_PATHS = NO;
				CLANG_ANALYZER_LOCALIZABILITY_NONLOCALIZED = YES;
				CLANG_ANALYZER_NONNULL = YES;
				CLANG_ANALYZER_NUMBER_OBJECT_CONVERSION = YES_AGGRESSIVE;
				CLANG_CXX_LANGUAGE_STANDARD = "gnu++14";
				CLANG_CXX_LIBRARY = "libc++";
				CLANG_ENABLE_MODULES = YES;
				CLANG_ENABLE_OBJC_ARC = YES;
				CLANG_ENABLE_OBJC_WEAK = YES;
				CLANG_WARN_BLOCK_CAPTURE_AUTORELEASING = YES;
				CLANG_WARN_BOOL_CONVERSION = YES;
				CLANG_WARN_COMMA = YES;
				CLANG_WARN_CONSTANT_CONVERSION = YES;
				CLANG_WARN_DEPRECATED_OBJC_IMPLEMENTATIONS = YES;
				CLANG_WARN_DIRECT_OBJC_ISA_USAGE = YES_ERROR;
				CLANG_WARN_DOCUMENTATION_COMMENTS = YES;
				CLANG_WARN_EMPTY_BODY = YES;
				CLANG_WARN_ENUM_CONVERSION = YES;
				CLANG_WARN_INFINITE_RECURSION = YES;
				CLANG_WARN_INT_CONVERSION = YES;
				CLANG_WARN_NON_LITERAL_NULL_CONVERSION = YES;
				CLANG_WARN_OBJC_IMPLICIT_RETAIN_SELF = YES;
				CLANG_WARN_OBJC_LITERAL_CONVERSION = YES;
				CLANG_WARN_OBJC_ROOT_CLASS = YES_ERROR;
				CLANG_WARN_QUOTED_INCLUDE_IN_FRAMEWORK_HEADER = YES;
				CLANG_WARN_RANGE_LOOP_ANALYSIS = YES;
				CLANG_WARN_STRICT_PROTOTYPES = YES;
				CLANG_WARN_SUSPICIOUS_MOVE = YES;
				CLANG_WARN_UNGUARDED_AVAILABILITY = YES_AGGRESSIVE;
				CLANG_WARN_UNREACHABLE_CODE = YES;
				CLANG_WARN__DUPLICATE_METHOD_MATCH = YES;
				COPY_PHASE_STRIP = NO;
				DEBUG_INFORMATION_FORMAT = dwarf;
				ENABLE_STRICT_OBJC_MSGSEND = YES;
				ENABLE_TESTABILITY = YES;
				GCC_C_LANGUAGE_STANDARD = gnu11;
				GCC_DYNAMIC_NO_PIC = NO;
				GCC_NO_COMMON_BLOCKS = YES;
				GCC_OPTIMIZATION_LEVEL = 0;
				GCC_PREPROCESSOR_DEFINITIONS = (
					"DEBUG=1",
					"$(inherited)",
				);
				GCC_WARN_64_TO_32_BIT_CONVERSION = YES;
				GCC_WARN_ABOUT_RETURN_TYPE = YES_ERROR;
				GCC_WARN_UNDECLARED_SELECTOR = YES;
				GCC_WARN_UNINITIALIZED_AUTOS = YES_AGGRESSIVE;
				GCC_WARN_UNUSED_FUNCTION = YES;
				GCC_WARN_UNUSED_VARIABLE = YES;
				IPHONEOS_DEPLOYMENT_TARGET = 14.5;
				MTL_ENABLE_DEBUG_INFO = INCLUDE_SOURCE;
				MTL_FAST_MATH = YES;
				ONLY_ACTIVE_ARCH = YES;
				SDKROOT = iphoneos;
				SWIFT_ACTIVE_COMPILATION_CONDITIONS = DEBUG;
				SWIFT_OPTIMIZATION_LEVEL = "-Onone";
			};
			name = Staging;
		};
		1A16C99A270C92350056E7AE /* Staging */ = {
			isa = XCBuildConfiguration;
			baseConfigurationReference = D9903A1139596B5066C976BA /* Pods-ConfigProject.staging.xcconfig */;
			buildSettings = {
				ASSETCATALOG_COMPILER_APPICON_NAME = AppIcon;
				ASSETCATALOG_COMPILER_GLOBAL_ACCENT_COLOR_NAME = AccentColor;
				CODE_SIGN_STYLE = Automatic;
				INFOPLIST_FILE = ConfigProject/Resource/Info.plist;
				LD_RUNPATH_SEARCH_PATHS = (
					"$(inherited)",
					"@executable_path/Frameworks",
				);
				PRODUCT_BUNDLE_IDENTIFIER = minh.com.configproject.stag;
				PRODUCT_NAME = "$(TARGET_NAME)";
				SWIFT_VERSION = 5.0;
				TARGETED_DEVICE_FAMILY = "1,2";
			};
			name = Staging;
		};
		1A87A3F32709FF8000C850BC /* Debug */ = {
			isa = XCBuildConfiguration;
			buildSettings = {
				ALWAYS_SEARCH_USER_PATHS = NO;
				CLANG_ANALYZER_LOCALIZABILITY_NONLOCALIZED = YES;
				CLANG_ANALYZER_NONNULL = YES;
				CLANG_ANALYZER_NUMBER_OBJECT_CONVERSION = YES_AGGRESSIVE;
				CLANG_CXX_LANGUAGE_STANDARD = "gnu++14";
				CLANG_CXX_LIBRARY = "libc++";
				CLANG_ENABLE_MODULES = YES;
				CLANG_ENABLE_OBJC_ARC = YES;
				CLANG_ENABLE_OBJC_WEAK = YES;
				CLANG_WARN_BLOCK_CAPTURE_AUTORELEASING = YES;
				CLANG_WARN_BOOL_CONVERSION = YES;
				CLANG_WARN_COMMA = YES;
				CLANG_WARN_CONSTANT_CONVERSION = YES;
				CLANG_WARN_DEPRECATED_OBJC_IMPLEMENTATIONS = YES;
				CLANG_WARN_DIRECT_OBJC_ISA_USAGE = YES_ERROR;
				CLANG_WARN_DOCUMENTATION_COMMENTS = YES;
				CLANG_WARN_EMPTY_BODY = YES;
				CLANG_WARN_ENUM_CONVERSION = YES;
				CLANG_WARN_INFINITE_RECURSION = YES;
				CLANG_WARN_INT_CONVERSION = YES;
				CLANG_WARN_NON_LITERAL_NULL_CONVERSION = YES;
				CLANG_WARN_OBJC_IMPLICIT_RETAIN_SELF = YES;
				CLANG_WARN_OBJC_LITERAL_CONVERSION = YES;
				CLANG_WARN_OBJC_ROOT_CLASS = YES_ERROR;
				CLANG_WARN_QUOTED_INCLUDE_IN_FRAMEWORK_HEADER = YES;
				CLANG_WARN_RANGE_LOOP_ANALYSIS = YES;
				CLANG_WARN_STRICT_PROTOTYPES = YES;
				CLANG_WARN_SUSPICIOUS_MOVE = YES;
				CLANG_WARN_UNGUARDED_AVAILABILITY = YES_AGGRESSIVE;
				CLANG_WARN_UNREACHABLE_CODE = YES;
				CLANG_WARN__DUPLICATE_METHOD_MATCH = YES;
				COPY_PHASE_STRIP = NO;
				DEBUG_INFORMATION_FORMAT = dwarf;
				ENABLE_STRICT_OBJC_MSGSEND = YES;
				ENABLE_TESTABILITY = YES;
				GCC_C_LANGUAGE_STANDARD = gnu11;
				GCC_DYNAMIC_NO_PIC = NO;
				GCC_NO_COMMON_BLOCKS = YES;
				GCC_OPTIMIZATION_LEVEL = 0;
				GCC_PREPROCESSOR_DEFINITIONS = (
					"DEBUG=1",
					"$(inherited)",
				);
				GCC_WARN_64_TO_32_BIT_CONVERSION = YES;
				GCC_WARN_ABOUT_RETURN_TYPE = YES_ERROR;
				GCC_WARN_UNDECLARED_SELECTOR = YES;
				GCC_WARN_UNINITIALIZED_AUTOS = YES_AGGRESSIVE;
				GCC_WARN_UNUSED_FUNCTION = YES;
				GCC_WARN_UNUSED_VARIABLE = YES;
				IPHONEOS_DEPLOYMENT_TARGET = 14.5;
				MTL_ENABLE_DEBUG_INFO = INCLUDE_SOURCE;
				MTL_FAST_MATH = YES;
				ONLY_ACTIVE_ARCH = YES;
				SDKROOT = iphoneos;
				SWIFT_ACTIVE_COMPILATION_CONDITIONS = DEBUG;
				SWIFT_OPTIMIZATION_LEVEL = "-Onone";
			};
			name = Debug;
		};
		1A87A3F42709FF8000C850BC /* Release */ = {
			isa = XCBuildConfiguration;
			buildSettings = {
				ALWAYS_SEARCH_USER_PATHS = NO;
				CLANG_ANALYZER_LOCALIZABILITY_NONLOCALIZED = YES;
				CLANG_ANALYZER_NONNULL = YES;
				CLANG_ANALYZER_NUMBER_OBJECT_CONVERSION = YES_AGGRESSIVE;
				CLANG_CXX_LANGUAGE_STANDARD = "gnu++14";
				CLANG_CXX_LIBRARY = "libc++";
				CLANG_ENABLE_MODULES = YES;
				CLANG_ENABLE_OBJC_ARC = YES;
				CLANG_ENABLE_OBJC_WEAK = YES;
				CLANG_WARN_BLOCK_CAPTURE_AUTORELEASING = YES;
				CLANG_WARN_BOOL_CONVERSION = YES;
				CLANG_WARN_COMMA = YES;
				CLANG_WARN_CONSTANT_CONVERSION = YES;
				CLANG_WARN_DEPRECATED_OBJC_IMPLEMENTATIONS = YES;
				CLANG_WARN_DIRECT_OBJC_ISA_USAGE = YES_ERROR;
				CLANG_WARN_DOCUMENTATION_COMMENTS = YES;
				CLANG_WARN_EMPTY_BODY = YES;
				CLANG_WARN_ENUM_CONVERSION = YES;
				CLANG_WARN_INFINITE_RECURSION = YES;
				CLANG_WARN_INT_CONVERSION = YES;
				CLANG_WARN_NON_LITERAL_NULL_CONVERSION = YES;
				CLANG_WARN_OBJC_IMPLICIT_RETAIN_SELF = YES;
				CLANG_WARN_OBJC_LITERAL_CONVERSION = YES;
				CLANG_WARN_OBJC_ROOT_CLASS = YES_ERROR;
				CLANG_WARN_QUOTED_INCLUDE_IN_FRAMEWORK_HEADER = YES;
				CLANG_WARN_RANGE_LOOP_ANALYSIS = YES;
				CLANG_WARN_STRICT_PROTOTYPES = YES;
				CLANG_WARN_SUSPICIOUS_MOVE = YES;
				CLANG_WARN_UNGUARDED_AVAILABILITY = YES_AGGRESSIVE;
				CLANG_WARN_UNREACHABLE_CODE = YES;
				CLANG_WARN__DUPLICATE_METHOD_MATCH = YES;
				COPY_PHASE_STRIP = NO;
				DEBUG_INFORMATION_FORMAT = "dwarf-with-dsym";
				ENABLE_NS_ASSERTIONS = NO;
				ENABLE_STRICT_OBJC_MSGSEND = YES;
				GCC_C_LANGUAGE_STANDARD = gnu11;
				GCC_NO_COMMON_BLOCKS = YES;
				GCC_WARN_64_TO_32_BIT_CONVERSION = YES;
				GCC_WARN_ABOUT_RETURN_TYPE = YES_ERROR;
				GCC_WARN_UNDECLARED_SELECTOR = YES;
				GCC_WARN_UNINITIALIZED_AUTOS = YES_AGGRESSIVE;
				GCC_WARN_UNUSED_FUNCTION = YES;
				GCC_WARN_UNUSED_VARIABLE = YES;
				IPHONEOS_DEPLOYMENT_TARGET = 14.5;
				MTL_ENABLE_DEBUG_INFO = NO;
				MTL_FAST_MATH = YES;
				SDKROOT = iphoneos;
				SWIFT_COMPILATION_MODE = wholemodule;
				SWIFT_OPTIMIZATION_LEVEL = "-O";
				VALIDATE_PRODUCT = YES;
			};
			name = Release;
		};
		1A87A3F62709FF8000C850BC /* Debug */ = {
			isa = XCBuildConfiguration;
			baseConfigurationReference = 9D277920B1813C2192DBD727 /* Pods-ConfigProject.debug.xcconfig */;
			buildSettings = {
				ASSETCATALOG_COMPILER_APPICON_NAME = AppIcon;
				ASSETCATALOG_COMPILER_GLOBAL_ACCENT_COLOR_NAME = AccentColor;
				CODE_SIGN_STYLE = Automatic;
				INFOPLIST_FILE = ConfigProject/Resource/Info.plist;
				LD_RUNPATH_SEARCH_PATHS = (
					"$(inherited)",
					"@executable_path/Frameworks",
				);
				PRODUCT_BUNDLE_IDENTIFIER = minh.com.ConfigProject;
				PRODUCT_NAME = "$(TARGET_NAME)";
				SWIFT_VERSION = 5.0;
				TARGETED_DEVICE_FAMILY = "1,2";
			};
			name = Debug;
		};
		1A87A3F72709FF8000C850BC /* Release */ = {
			isa = XCBuildConfiguration;
			baseConfigurationReference = 0091878B371E815DF719B883 /* Pods-ConfigProject.release.xcconfig */;
			buildSettings = {
				ASSETCATALOG_COMPILER_APPICON_NAME = AppIcon;
				ASSETCATALOG_COMPILER_GLOBAL_ACCENT_COLOR_NAME = AccentColor;
				CODE_SIGN_STYLE = Automatic;
				INFOPLIST_FILE = ConfigProject/Resource/Info.plist;
				LD_RUNPATH_SEARCH_PATHS = (
					"$(inherited)",
					"@executable_path/Frameworks",
				);
				PRODUCT_BUNDLE_IDENTIFIER = minh.com.ConfigProject;
				PRODUCT_NAME = "$(TARGET_NAME)";
				SWIFT_VERSION = 5.0;
				TARGETED_DEVICE_FAMILY = "1,2";
			};
			name = Release;
		};
/* End XCBuildConfiguration section */

/* Begin XCConfigurationList section */
		1A87A3DC2709FF7F00C850BC /* Build configuration list for PBXProject "ConfigProject" */ = {
			isa = XCConfigurationList;
			buildConfigurations = (
				1A87A3F32709FF8000C850BC /* Debug */,
				1A16C997270C91D80056E7AE /* Dev */,
				1A16C999270C92350056E7AE /* Staging */,
				1A87A3F42709FF8000C850BC /* Release */,
			);
			defaultConfigurationIsVisible = 0;
			defaultConfigurationName = Release;
		};
		1A87A3F52709FF8000C850BC /* Build configuration list for PBXNativeTarget "ConfigProject" */ = {
			isa = XCConfigurationList;
			buildConfigurations = (
				1A87A3F62709FF8000C850BC /* Debug */,
				1A16C998270C91D80056E7AE /* Dev */,
				1A16C99A270C92350056E7AE /* Staging */,
				1A87A3F72709FF8000C850BC /* Release */,
			);
			defaultConfigurationIsVisible = 0;
			defaultConfigurationName = Release;
		};
/* End XCConfigurationList section */
	};
	rootObject = 1A87A3D92709FF7F00C850BC /* Project object */;
}
